<Solution>
  <Folder Name="/Task0/">
    <Project Path="Tyuiu.RomanovMV.Sprint1.Task0.V5.Lib/Tyuiu.RomanovMV.Sprint1.Task0.V5.Lib.csproj" />
    <Project Path="Tyuiu.RomanovMV.Sprint1.Task0.V5.Test/Tyuiu.RomanovMV.Sprint1.Task0.V5.Test.csproj" />
    <Project Path="Tyuiu.RomanovMV.Sprint1.Task0.V5/Tyuiu.RomanovMV.Sprint1.Task0.V5.csproj" />
  </Folder>
  <Folder Name="/Task1/">
    <Project Path="Tyuiu.RomanovMV.Sprint1.Task1.V24.Lib/Tyuiu.RomanovMV.Sprint1.Task1.V24.Lib.csproj" Id="02917ce9-fdb8-462f-b86c-7b2412f4e46a" />
    <Project Path="Tyuiu.RomanovMV.Sprint1.Task1.V24.Test/Tyuiu.RomanovMV.Sprint1.Task1.V24.Test.csproj" Id="6db73139-352b-410c-89a4-a680969c276e" />
    <Project Path="Tyuiu.RomanovMV.Sprint1.Task1.V24/Tyuiu.RomanovMV.Sprint1.Task1.V24.csproj" Id="67f17ff8-47b4-4afd-9351-4316b4507f61" />
  </Folder>
  <Folder Name="/Task2/">
    <Project Path="Tyuiu.RomanovMV.Sprint1.Task2.V5.Lib/Tyuiu.RomanovMV.Sprint1.Task2.V5.Lib.csproj" Id="f2aaf275-1538-4bba-b132-3861ce41f225" />
    <Project Path="Tyuiu.RomanovMV.Sprint1.Task2.V5.Test/Tyuiu.RomanovMV.Sprint1.Task2.V5.Test.csproj" Id="fe54554b-69a9-4fd8-879d-96f2b7b05d01" />
    <Project Path="Tyuiu.RomanovMV.Sprint1.Task2.V5/Tyuiu.RomanovMV.Sprint1.Task2.V5.csproj" Id="8c4d1b2a-e312-43b5-9cf6-b66ed7077ec3" />
  </Folder>
  <Folder Name="/Task3/">
    <Project Path="Tyuiu.RomanovMV.Sprint1.Task2.V7.Lib/Tyuiu.RomanovMV.Sprint1.Task2.V7.Lib.csproj" Id="578e25f4-9307-4cb4-8de7-646af7f9644a" />
    <Project Path="Tyuiu.RomanovMV.Sprint1.Task2.V7.Test/Tyuiu.RomanovMV.Sprint1.Task2.V7.Test.csproj" Id="95b44f14-3a84-403a-bd7b-81026afcb0d1" />
    <Project Path="Tyuiu.RomanovMV.Sprint1.Task2.V7/Tyuiu.RomanovMV.Sprint1.Task2.V7.csproj" Id="e2a4dc6d-c1ba-4903-b3fa-f0b15e0981b2" />
  </Folder>
</Solution>
