<Solution>
  <Folder Name="/Task0/">
    <Project Path="Tyuiu.RomanovMV.Sprint1.Task0.V5.Lib/Tyuiu.RomanovMV.Sprint1.Task0.V5.Lib.csproj" />
    <Project Path="Tyuiu.RomanovMV.Sprint1.Task0.V5.Test/Tyuiu.RomanovMV.Sprint1.Task0.V5.Test.csproj" />
    <Project Path="Tyuiu.RomanovMV.Sprint1.Task0.V5/Tyuiu.RomanovMV.Sprint1.Task0.V5.csproj" />
  </Folder>
  <Folder Name="/Task1/">
    <Project Path="Tyuiu.RomanovMV.Sprint1.Task1.V24.Lib/Tyuiu.RomanovMV.Sprint1.Task1.V24.Lib.csproj" Id="02917ce9-fdb8-462f-b86c-7b2412f4e46a" />
    <Project Path="Tyuiu.RomanovMV.Sprint1.Task1.V24.Test/Tyuiu.RomanovMV.Sprint1.Task1.V24.Test.csproj" Id="6db73139-352b-410c-89a4-a680969c276e" />
    <Project Path="Tyuiu.RomanovMV.Sprint1.Task1.V24/Tyuiu.RomanovMV.Sprint1.Task1.V24.csproj" Id="67f17ff8-47b4-4afd-9351-4316b4507f61" />
  </Folder>
  <Folder Name="/Task2/">
    <Project Path="Tyuiu.RomanovMV.Sprint1.Task2.V5.Lib/Tyuiu.RomanovMV.Sprint1.Task2.V5.Lib.csproj" Id="f2aaf275-1538-4bba-b132-3861ce41f225" />
    <Project Path="Tyuiu.RomanovMV.Sprint1.Task2.V5.Test/Tyuiu.RomanovMV.Sprint1.Task2.V5.Test.csproj" Id="fe54554b-69a9-4fd8-879d-96f2b7b05d01" />
    <Project Path="Tyuiu.RomanovMV.Sprint1.Task2.V5/Tyuiu.RomanovMV.Sprint1.Task2.V5.csproj" Id="8c4d1b2a-e312-43b5-9cf6-b66ed7077ec3" />
  </Folder>
  <Folder Name="/Task3/">
    <Project Path="Tyuiu.RomanovMV.Sprint1.Task3.V7.Lib/Tyuiu.RomanovMV.Sprint1.Task3.V7.Lib.csproj" Id="2007a9a3-a521-4dcc-b58e-839c9db7c694" />
    <Project Path="Tyuiu.RomanovMV.Sprint1.Task3.V7.Test/Tyuiu.RomanovMV.Sprint1.Task3.V7.Test.csproj" Id="5b2dc36f-3817-4bd7-857e-bce0324dedd6" />
    <Project Path="Tyuiu.RomanovMV.Sprint1.Task3.V7/Tyuiu.RomanovMV.Sprint1.Task3.V7.csproj" Id="c5009e7d-60fa-424b-878c-cce3ccd056db" />
  </Folder>
  <Folder Name="/Task4/">
    <Project Path="Tyuiu.RomanovMV.Sprint1.Task4.V11.Lib/Tyuiu.RomanovMV.Sprint1.Task4.V11.Lib.csproj" Id="1cb9788c-69e0-4641-b1d2-b5e27b667777" />
    <Project Path="Tyuiu.RomanovMV.Sprint1.Task4.V11.Test/Tyuiu.RomanovMV.Sprint1.Task4.V11.Test.csproj" Id="4a074ec3-20ff-4ab2-8cd2-26fc94f9950e" />
    <Project Path="Tyuiu.RomanovMV.Sprint1.Task4.V11/Tyuiu.RomanovMV.Sprint1.Task4.V11.csproj" Id="7999f2da-8a09-4ad7-8741-a98e7da1c379" />
  </Folder>
  <Folder Name="/Task5/">
    <Project Path="Tyuiu.RomanovMV.Sprint1.Task5.V3.Lib/Tyuiu.RomanovMV.Sprint1.Task5.V3.Lib.csproj" Id="c7686af9-c0cc-4098-8d7e-c5d8a14b14c4" />
    <Project Path="Tyuiu.RomanovMV.Sprint1.Task5.V3.Test/Tyuiu.RomanovMV.Sprint1.Task5.V3.Test.csproj" Id="c38669e6-f3f9-48f0-9a28-63ac62826e35" />
    <Project Path="Tyuiu.RomanovMV.Sprint1.Task5.V3/Tyuiu.RomanovMV.Sprint1.Task5.V3.csproj" Id="c4acc4e0-0c98-4f83-8edc-0a4fbe4094dc" />
  </Folder>
  <Folder Name="/Task6/">
    <Project Path="Tyuiu.RomanovMV.Sprint1.Task6.V17.Lib/Tyuiu.RomanovMV.Sprint1.Task6.V17.Lib.csproj" Id="0b99186b-8111-4b8a-b10e-f6956e45ca4b" />
    <Project Path="Tyuiu.RomanovMV.Sprint1.Task6.V17.Test/Tyuiu.RomanovMV.Sprint1.Task6.V17.Test.csproj" Id="0d3b57b1-e3e2-4786-9c03-955dc36f1b52" />
    <Project Path="Tyuiu.RomanovMV.Sprint1.Task6.V17/Tyuiu.RomanovMV.Sprint1.Task6.V17.csproj" Id="79c6f94a-9ea8-4b95-bd97-3365fbd813c8" />
  </Folder>
  <Folder Name="/Task7/">
    <Project Path="Tyuiu.RomanovMV.Sprint1.Task7.V7.Lib/Tyuiu.RomanovMV.Sprint1.Task7.V7.Lib.csproj" Id="109d5e68-22c6-4687-a91e-59d8cf907dd3" />
    <Project Path="Tyuiu.RomanovMV.Sprint1.Task7.V7.Test/Tyuiu.RomanovMV.Sprint1.Task7.V7.Test.csproj" Id="4ee2c40a-a944-4089-85eb-df2bf1918dc7" />
    <Project Path="Tyuiu.RomanovMV.Sprint1.Task7.V7/Tyuiu.RomanovMV.Sprint1.Task7.V7.csproj" Id="cda15798-428a-4abd-8c9c-546da551ca08" />
  </Folder>
</Solution>
